PODS:
  - NDLog (0.0.5)
  - NDUtils/Core (0.0.4)
  - NDUtils/Foundation (0.0.4):
    - NDLog (~> 0.0.5)
    - NDUtils/Core

DEPENDENCIES:
  - NDLog (from `../NDLog`)
  - NDUtils/Foundation (from `../NDUtils`)

EXTERNAL SOURCES:
  NDLog:
    :path: "../NDLog"
  NDUtils:
    :path: "../NDUtils"

SPEC CHECKSUMS:
  NDLog: 2d478a5bc74f17ee56fea08adb6dacdaa36a07e6
  NDUtils: e44d6272ae161c0a03689d1b8b4359a82ba716ef

PODFILE CHECKSUM: fc3e15619987ec4c64a3801ab429d84e018d386e

COCOAPODS: 1.9.3
