PODS:
  - NDAutolayoutUtils (1.0):
    - NDAutolayoutUtils/Swift (= 1.0)
  - NDAutolayoutUtils/Core (1.0):
    - NDLog (~> 1.0)
    - NDUtils/Foundation (~> 1.0)
  - NDAutolayoutUtils/Swift (1.0):
    - NDAutolayoutUtils/Core
  - NDLog (1.0):
    - NDLog/Swift (= 1.0)
  - NDLog/Core_ObjC (1.0)
  - NDLog/Core_Swift (1.0):
    - NDLog/Core_ObjC
  - NDLog/ObjC (1.0):
    - NDLog/Core_ObjC
  - NDLog/Swift (1.0):
    - NDLog/Core_Swift
  - NDUtils/Core_ObjC (1.0)
  - NDUtils/Foundation (1.0):
    - NDUtils/Foundation_Swift
  - NDUtils/Foundation_ObjC (1.0):
    - NDLog/ObjC (~> 1.0)
    - NDUtils/objc_ObjC
  - NDUtils/Foundation_Swift (1.0):
    - NDUtils/Foundation_ObjC
  - NDUtils/objc_ObjC (1.0):
    - NDLog/ObjC (~> 1.0)
    - NDUtils/Core_ObjC

DEPENDENCIES:
  - NDAutolayoutUtils (from `.`)

SPEC REPOS:
  trunk:
    - NDLog
    - NDUtils

EXTERNAL SOURCES:
  NDAutolayoutUtils:
    :path: "."

SPEC CHECKSUMS:
  NDAutolayoutUtils: 5f95bc90b92a5e90e7331672af0489872d57a77f
  NDLog: 81509c11e58a8143df72d3793a79d436f6e2d6d8
  NDUtils: 88150120d1391b58493e5245019e4ad6224c1362

PODFILE CHECKSUM: 207a5a3aedb6856a169af8285c2f91ccc98e2077

COCOAPODS: 1.10.1
