// !$*UTF8*$!
{
	archiveVersion = 1;
	classes = {
	};
	objectVersion = 52;
	objects = {

/* Begin PBXBuildFile section */
		BA00195924BF0F6C000A3B1C /* UIView+NDAutolayoutUtils.h in Headers */ = {isa = PBXBuildFile; fileRef = BA00195724BF0F6C000A3B1C /* UIView+NDAutolayoutUtils.h */; settings = {ATTRIBUTES = (Public, ); }; };
		BA00195A24BF0F6C000A3B1C /* UIView+NDAutolayoutUtils.mm in Sources */ = {isa = PBXBuildFile; fileRef = BA00195824BF0F6C000A3B1C /* UIView+NDAutolayoutUtils.mm */; };
		BA00195D24BF1164000A3B1C /* NDCommonLayoutGuidesContainer.h in Headers */ = {isa = PBXBuildFile; fileRef = BA00195B24BF1164000A3B1C /* NDCommonLayoutGuidesContainer.h */; settings = {ATTRIBUTES = (Public, ); }; };
		BA00196124BF11C0000A3B1C /* UILayoutGuide+NDAutolayoutUtils.h in Headers */ = {isa = PBXBuildFile; fileRef = BA00195F24BF11C0000A3B1C /* UILayoutGuide+NDAutolayoutUtils.h */; settings = {ATTRIBUTES = (Public, ); }; };
		BA00196524BF12B2000A3B1C /* NDCommonLayoutGuidesContainerUtils.h in Headers */ = {isa = PBXBuildFile; fileRef = BA00196324BF12B2000A3B1C /* NDCommonLayoutGuidesContainerUtils.h */; };
		BA00196624BF12B2000A3B1C /* NDCommonLayoutGuidesContainerUtils.mm in Sources */ = {isa = PBXBuildFile; fileRef = BA00196424BF12B2000A3B1C /* NDCommonLayoutGuidesContainerUtils.mm */; };
		BA1EFEAB23F30DDB0080A160 /* NDAutolayoutUtils.framework in Frameworks */ = {isa = PBXBuildFile; fileRef = BA1EFEA123F30DDB0080A160 /* NDAutolayoutUtils.framework */; };
		BA1EFEB023F30DDB0080A160 /* NDAutolayoutUtilsObjCTests.mm in Sources */ = {isa = PBXBuildFile; fileRef = BA1EFEAF23F30DDB0080A160 /* NDAutolayoutUtilsObjCTests.mm */; };
		BA3BFF4A2476623800A6AF13 /* UIKit.framework in Frameworks */ = {isa = PBXBuildFile; fileRef = BA9CC95823F44CE2000DB5ED /* UIKit.framework */; platformFilter = ios; };
		BA3E158F2488A71A00FA0E33 /* VisualConstraintUtils.h in Headers */ = {isa = PBXBuildFile; fileRef = BA3E15832488A71A00FA0E33 /* VisualConstraintUtils.h */; settings = {ATTRIBUTES = (Public, ); }; };
		BA3E15902488A71A00FA0E33 /* ClassicalConstraintUtils.h in Headers */ = {isa = PBXBuildFile; fileRef = BA3E15842488A71A00FA0E33 /* ClassicalConstraintUtils.h */; settings = {ATTRIBUTES = (Public, ); }; };
		BA3E15912488A71A00FA0E33 /* NDContainerUtils.mm in Sources */ = {isa = PBXBuildFile; fileRef = BA3E15862488A71A00FA0E33 /* NDContainerUtils.mm */; };
		BA3E15922488A71A00FA0E33 /* NDContainerUtils.h in Headers */ = {isa = PBXBuildFile; fileRef = BA3E15872488A71A00FA0E33 /* NDContainerUtils.h */; };
		BA3E15942488A71A00FA0E33 /* NDAutolayoutUtils.h in Headers */ = {isa = PBXBuildFile; fileRef = BA3E15892488A71A00FA0E33 /* NDAutolayoutUtils.h */; settings = {ATTRIBUTES = (Public, ); }; };
		BA3E15962488A71A00FA0E33 /* VisualConstraintUtils.mm in Sources */ = {isa = PBXBuildFile; fileRef = BA3E158B2488A71A00FA0E33 /* VisualConstraintUtils.mm */; };
		BA3E15972488A71A00FA0E33 /* ClassicalConstraintUtils.mm in Sources */ = {isa = PBXBuildFile; fileRef = BA3E158C2488A71A00FA0E33 /* ClassicalConstraintUtils.mm */; };
		BA56479024A45FEE00ABCD10 /* UIKit.framework in Frameworks */ = {isa = PBXBuildFile; fileRef = BA9CC95823F44CE2000DB5ED /* UIKit.framework */; };
/* End PBXBuildFile section */

/* Begin PBXContainerItemProxy section */
		BA1EFEAC23F30DDB0080A160 /* PBXContainerItemProxy */ = {
			isa = PBXContainerItemProxy;
			containerPortal = BA1EFE9823F30DDB0080A160 /* Project object */;
			proxyType = 1;
			remoteGlobalIDString = BA1EFEA023F30DDB0080A160;
			remoteInfo = NDAutolayoutUtils;
		};
/* End PBXContainerItemProxy section */

/* Begin PBXFileReference section */
		BA00195724BF0F6C000A3B1C /* UIView+NDAutolayoutUtils.h */ = {isa = PBXFileReference; lastKnownFileType = sourcecode.c.h; path = "UIView+NDAutolayoutUtils.h"; sourceTree = "<group>"; };
		BA00195824BF0F6C000A3B1C /* UIView+NDAutolayoutUtils.mm */ = {isa = PBXFileReference; lastKnownFileType = sourcecode.cpp.objcpp; path = "UIView+NDAutolayoutUtils.mm"; sourceTree = "<group>"; };
		BA00195B24BF1164000A3B1C /* NDCommonLayoutGuidesContainer.h */ = {isa = PBXFileReference; lastKnownFileType = sourcecode.c.h; path = NDCommonLayoutGuidesContainer.h; sourceTree = "<group>"; };
		BA00195F24BF11C0000A3B1C /* UILayoutGuide+NDAutolayoutUtils.h */ = {isa = PBXFileReference; lastKnownFileType = sourcecode.c.h; path = "UILayoutGuide+NDAutolayoutUtils.h"; sourceTree = "<group>"; };
		BA00196024BF11C0000A3B1C /* UILayoutGuide+NDAutolayoutUtils.mm */ = {isa = PBXFileReference; lastKnownFileType = sourcecode.cpp.objcpp; path = "UILayoutGuide+NDAutolayoutUtils.mm"; sourceTree = "<group>"; };
		BA00196324BF12B2000A3B1C /* NDCommonLayoutGuidesContainerUtils.h */ = {isa = PBXFileReference; lastKnownFileType = sourcecode.c.h; path = NDCommonLayoutGuidesContainerUtils.h; sourceTree = "<group>"; };
		BA00196424BF12B2000A3B1C /* NDCommonLayoutGuidesContainerUtils.mm */ = {isa = PBXFileReference; lastKnownFileType = sourcecode.cpp.objcpp; path = NDCommonLayoutGuidesContainerUtils.mm; sourceTree = "<group>"; };
		BA1EFEA123F30DDB0080A160 /* NDAutolayoutUtils.framework */ = {isa = PBXFileReference; explicitFileType = wrapper.framework; includeInIndex = 0; path = NDAutolayoutUtils.framework; sourceTree = BUILT_PRODUCTS_DIR; };
		BA1EFEA523F30DDB0080A160 /* Info.plist */ = {isa = PBXFileReference; lastKnownFileType = text.plist.xml; path = Info.plist; sourceTree = "<group>"; };
		BA1EFEAA23F30DDB0080A160 /* NDAutolayoutUtilsTests.xctest */ = {isa = PBXFileReference; explicitFileType = wrapper.cfbundle; includeInIndex = 0; path = NDAutolayoutUtilsTests.xctest; sourceTree = BUILT_PRODUCTS_DIR; };
		BA1EFEAF23F30DDB0080A160 /* NDAutolayoutUtilsObjCTests.mm */ = {isa = PBXFileReference; lastKnownFileType = sourcecode.cpp.objcpp; path = NDAutolayoutUtilsObjCTests.mm; sourceTree = "<group>"; };
		BA1EFEB123F30DDB0080A160 /* Info.plist */ = {isa = PBXFileReference; lastKnownFileType = text.plist.xml; path = Info.plist; sourceTree = "<group>"; };
		BA3BFF3E247536AC00A6AF13 /* .swiftlint.yml */ = {isa = PBXFileReference; lastKnownFileType = text.yaml; path = .swiftlint.yml; sourceTree = "<group>"; };
		BA3BFF3F247536AC00A6AF13 /* README.md */ = {isa = PBXFileReference; lastKnownFileType = net.daringfireball.markdown; path = README.md; sourceTree = "<group>"; };
		BA3BFF40247536AD00A6AF13 /* .swift-format */ = {isa = PBXFileReference; lastKnownFileType = text; path = ".swift-format"; sourceTree = "<group>"; };
		BA3BFF41247536AD00A6AF13 /* LICENSE */ = {isa = PBXFileReference; lastKnownFileType = text; path = LICENSE; sourceTree = "<group>"; };
		BA3BFF422475376600A6AF13 /* NDAutolayoutUtils.podspec */ = {isa = PBXFileReference; lastKnownFileType = text; path = NDAutolayoutUtils.podspec; sourceTree = "<group>"; xcLanguageSpecificationIdentifier = xcode.lang.ruby; };
		BA3E15832488A71A00FA0E33 /* VisualConstraintUtils.h */ = {isa = PBXFileReference; fileEncoding = 4; lastKnownFileType = sourcecode.c.h; path = VisualConstraintUtils.h; sourceTree = "<group>"; };
		BA3E15842488A71A00FA0E33 /* ClassicalConstraintUtils.h */ = {isa = PBXFileReference; fileEncoding = 4; lastKnownFileType = sourcecode.c.h; path = ClassicalConstraintUtils.h; sourceTree = "<group>"; };
		BA3E15862488A71A00FA0E33 /* NDContainerUtils.mm */ = {isa = PBXFileReference; fileEncoding = 4; lastKnownFileType = sourcecode.cpp.objcpp; path = NDContainerUtils.mm; sourceTree = "<group>"; };
		BA3E15872488A71A00FA0E33 /* NDContainerUtils.h */ = {isa = PBXFileReference; fileEncoding = 4; lastKnownFileType = sourcecode.c.h; path = NDContainerUtils.h; sourceTree = "<group>"; };
		BA3E15892488A71A00FA0E33 /* NDAutolayoutUtils.h */ = {isa = PBXFileReference; fileEncoding = 4; lastKnownFileType = sourcecode.c.h; path = NDAutolayoutUtils.h; sourceTree = "<group>"; };
		BA3E158B2488A71A00FA0E33 /* VisualConstraintUtils.mm */ = {isa = PBXFileReference; fileEncoding = 4; lastKnownFileType = sourcecode.cpp.objcpp; path = VisualConstraintUtils.mm; sourceTree = "<group>"; };
		BA3E158C2488A71A00FA0E33 /* ClassicalConstraintUtils.mm */ = {isa = PBXFileReference; fileEncoding = 4; lastKnownFileType = sourcecode.cpp.objcpp; path = ClassicalConstraintUtils.mm; sourceTree = "<group>"; };
		BA9CC95823F44CE2000DB5ED /* UIKit.framework */ = {isa = PBXFileReference; lastKnownFileType = wrapper.framework; name = UIKit.framework; path = System/Library/Frameworks/UIKit.framework; sourceTree = SDKROOT; };
		BAECB99F248784D300FC2528 /* NDAutolayoutUtilsTests-Bridging-Header.h */ = {isa = PBXFileReference; lastKnownFileType = sourcecode.c.h; path = "NDAutolayoutUtilsTests-Bridging-Header.h"; sourceTree = "<group>"; };
/* End PBXFileReference section */

/* Begin PBXFrameworksBuildPhase section */
		BA1EFE9E23F30DDB0080A160 /* Frameworks */ = {
			isa = PBXFrameworksBuildPhase;
			buildActionMask = 2147483647;
			files = (
				BA3BFF4A2476623800A6AF13 /* UIKit.framework in Frameworks */,
			);
			runOnlyForDeploymentPostprocessing = 0;
		};
		BA1EFEA723F30DDB0080A160 /* Frameworks */ = {
			isa = PBXFrameworksBuildPhase;
			buildActionMask = 2147483647;
			files = (
				BA56479024A45FEE00ABCD10 /* UIKit.framework in Frameworks */,
				BA1EFEAB23F30DDB0080A160 /* NDAutolayoutUtils.framework in Frameworks */,
			);
			runOnlyForDeploymentPostprocessing = 0;
		};
/* End PBXFrameworksBuildPhase section */

/* Begin PBXGroup section */
		BA1EFE9723F30DDB0080A160 = {
			isa = PBXGroup;
			children = (
				BA3BFF3D2475369B00A6AF13 /* Config */,
				BA3BFF40247536AD00A6AF13 /* .swift-format */,
				BA3BFF3E247536AC00A6AF13 /* .swiftlint.yml */,
				BA3BFF41247536AD00A6AF13 /* LICENSE */,
				BA3BFF422475376600A6AF13 /* NDAutolayoutUtils.podspec */,
				BA3BFF3F247536AC00A6AF13 /* README.md */,
				BA1EFEA323F30DDB0080A160 /* NDAutolayoutUtils */,
				BA1EFEAE23F30DDB0080A160 /* NDAutolayoutUtilsTests */,
				BA1EFEA223F30DDB0080A160 /* Products */,
				BA9CC95723F44CE2000DB5ED /* Frameworks */,
			);
			indentWidth = 2;
			sourceTree = "<group>";
			tabWidth = 2;
		};
		BA1EFEA223F30DDB0080A160 /* Products */ = {
			isa = PBXGroup;
			children = (
				BA1EFEA123F30DDB0080A160 /* NDAutolayoutUtils.framework */,
				BA1EFEAA23F30DDB0080A160 /* NDAutolayoutUtilsTests.xctest */,
			);
			name = Products;
			sourceTree = "<group>";
		};
		BA1EFEA323F30DDB0080A160 /* NDAutolayoutUtils */ = {
			isa = PBXGroup;
			children = (
				BA3E15832488A71A00FA0E33 /* VisualConstraintUtils.h */,
				BA3E15842488A71A00FA0E33 /* ClassicalConstraintUtils.h */,
				BA3E15852488A71A00FA0E33 /* Privates */,
				BA3E15892488A71A00FA0E33 /* NDAutolayoutUtils.h */,
				BA3E158B2488A71A00FA0E33 /* VisualConstraintUtils.mm */,
				BA3E158C2488A71A00FA0E33 /* ClassicalConstraintUtils.mm */,
				BA1EFEA523F30DDB0080A160 /* Info.plist */,
				BA00195724BF0F6C000A3B1C /* UIView+NDAutolayoutUtils.h */,
				BA00195824BF0F6C000A3B1C /* UIView+NDAutolayoutUtils.mm */,
				BA00195B24BF1164000A3B1C /* NDCommonLayoutGuidesContainer.h */,
				BA00195F24BF11C0000A3B1C /* UILayoutGuide+NDAutolayoutUtils.h */,
				BA00196024BF11C0000A3B1C /* UILayoutGuide+NDAutolayoutUtils.mm */,
			);
			path = NDAutolayoutUtils;
			sourceTree = "<group>";
		};
		BA1EFEAE23F30DDB0080A160 /* NDAutolayoutUtilsTests */ = {
			isa = PBXGroup;
			children = (
				BA1EFEAF23F30DDB0080A160 /* NDAutolayoutUtilsObjCTests.mm */,
				BA1EFEB123F30DDB0080A160 /* Info.plist */,
				BAECB99F248784D300FC2528 /* NDAutolayoutUtilsTests-Bridging-Header.h */,
			);
			path = NDAutolayoutUtilsTests;
			sourceTree = "<group>";
		};
		BA3BFF3D2475369B00A6AF13 /* Config */ = {
			isa = PBXGroup;
			children = (
			);
			name = Config;
			sourceTree = "<group>";
		};
		BA3E15852488A71A00FA0E33 /* Privates */ = {
			isa = PBXGroup;
			children = (
				BA3E15862488A71A00FA0E33 /* NDContainerUtils.mm */,
				BA3E15872488A71A00FA0E33 /* NDContainerUtils.h */,
				BA00196324BF12B2000A3B1C /* NDCommonLayoutGuidesContainerUtils.h */,
				BA00196424BF12B2000A3B1C /* NDCommonLayoutGuidesContainerUtils.mm */,
			);
			path = Privates;
			sourceTree = "<group>";
		};
		BA9CC95723F44CE2000DB5ED /* Frameworks */ = {
			isa = PBXGroup;
			children = (
				BA9CC95823F44CE2000DB5ED /* UIKit.framework */,
			);
			name = Frameworks;
			sourceTree = "<group>";
		};
/* End PBXGroup section */

/* Begin PBXHeadersBuildPhase section */
		BA1EFE9C23F30DDB0080A160 /* Headers */ = {
			isa = PBXHeadersBuildPhase;
			buildActionMask = 2147483647;
			files = (
				BA3E158F2488A71A00FA0E33 /* VisualConstraintUtils.h in Headers */,
				BA00196524BF12B2000A3B1C /* NDCommonLayoutGuidesContainerUtils.h in Headers */,
				BA00196124BF11C0000A3B1C /* UILayoutGuide+NDAutolayoutUtils.h in Headers */,
				BA00195924BF0F6C000A3B1C /* UIView+NDAutolayoutUtils.h in Headers */,
				BA00195D24BF1164000A3B1C /* NDCommonLayoutGuidesContainer.h in Headers */,
				BA3E15922488A71A00FA0E33 /* NDContainerUtils.h in Headers */,
				BA3E15902488A71A00FA0E33 /* ClassicalConstraintUtils.h in Headers */,
				BA3E15942488A71A00FA0E33 /* NDAutolayoutUtils.h in Headers */,
			);
			runOnlyForDeploymentPostprocessing = 0;
		};
/* End PBXHeadersBuildPhase section */

/* Begin PBXNativeTarget section */
		BA1EFEA023F30DDB0080A160 /* NDAutolayoutUtils */ = {
			isa = PBXNativeTarget;
			buildConfigurationList = BA1EFEB523F30DDB0080A160 /* Build configuration list for PBXNativeTarget "NDAutolayoutUtils" */;
			buildPhases = (
				BA1EFE9C23F30DDB0080A160 /* Headers */,
				BA1EFE9D23F30DDB0080A160 /* Sources */,
				BA1EFE9E23F30DDB0080A160 /* Frameworks */,
				BA1EFE9F23F30DDB0080A160 /* Resources */,
			);
			buildRules = (
			);
			dependencies = (
			);
			name = NDAutolayoutUtils;
			productName = NDAutolayoutUtils;
			productReference = BA1EFEA123F30DDB0080A160 /* NDAutolayoutUtils.framework */;
			productType = "com.apple.product-type.framework";
		};
		BA1EFEA923F30DDB0080A160 /* NDAutolayoutUtilsTests */ = {
			isa = PBXNativeTarget;
			buildConfigurationList = BA1EFEB823F30DDB0080A160 /* Build configuration list for PBXNativeTarget "NDAutolayoutUtilsTests" */;
			buildPhases = (
				BA1EFEA623F30DDB0080A160 /* Sources */,
				BA1EFEA723F30DDB0080A160 /* Frameworks */,
				BA1EFEA823F30DDB0080A160 /* Resources */,
			);
			buildRules = (
			);
			dependencies = (
				BA1EFEAD23F30DDB0080A160 /* PBXTargetDependency */,
			);
			name = NDAutolayoutUtilsTests;
			productName = NDAutolayoutUtilsTests;
			productReference = BA1EFEAA23F30DDB0080A160 /* NDAutolayoutUtilsTests.xctest */;
			productType = "com.apple.product-type.bundle.unit-test";
		};
/* End PBXNativeTarget section */

/* Begin PBXProject section */
		BA1EFE9823F30DDB0080A160 /* Project object */ = {
			isa = PBXProject;
			attributes = {
				LastUpgradeCheck = 1130;
				ORGANIZATIONNAME = "Nguyen Duc Hiep";
				TargetAttributes = {
					BA1EFEA023F30DDB0080A160 = {
						CreatedOnToolsVersion = 11.3.1;
						LastSwiftMigration = 1150;
					};
					BA1EFEA923F30DDB0080A160 = {
						CreatedOnToolsVersion = 11.3.1;
						LastSwiftMigration = 1130;
					};
				};
			};
			buildConfigurationList = BA1EFE9B23F30DDB0080A160 /* Build configuration list for PBXProject "NDAutolayoutUtils" */;
			compatibilityVersion = "Xcode 9.3";
			developmentRegion = en;
			hasScannedForEncodings = 0;
			knownRegions = (
				en,
				Base,
			);
			mainGroup = BA1EFE9723F30DDB0080A160;
			productRefGroup = BA1EFEA223F30DDB0080A160 /* Products */;
			projectDirPath = "";
			projectRoot = "";
			targets = (
				BA1EFEA023F30DDB0080A160 /* NDAutolayoutUtils */,
				BA1EFEA923F30DDB0080A160 /* NDAutolayoutUtilsTests */,
			);
		};
/* End PBXProject section */

/* Begin PBXResourcesBuildPhase section */
		BA1EFE9F23F30DDB0080A160 /* Resources */ = {
			isa = PBXResourcesBuildPhase;
			buildActionMask = 2147483647;
			files = (
			);
			runOnlyForDeploymentPostprocessing = 0;
		};
		BA1EFEA823F30DDB0080A160 /* Resources */ = {
			isa = PBXResourcesBuildPhase;
			buildActionMask = 2147483647;
			files = (
			);
			runOnlyForDeploymentPostprocessing = 0;
		};
/* End PBXResourcesBuildPhase section */

/* Begin PBXSourcesBuildPhase section */
		BA1EFE9D23F30DDB0080A160 /* Sources */ = {
			isa = PBXSourcesBuildPhase;
			buildActionMask = 2147483647;
			files = (
				BA00196624BF12B2000A3B1C /* NDCommonLayoutGuidesContainerUtils.mm in Sources */,
				BA3E15972488A71A00FA0E33 /* ClassicalConstraintUtils.mm in Sources */,
				BA3E15962488A71A00FA0E33 /* VisualConstraintUtils.mm in Sources */,
				BA3E15912488A71A00FA0E33 /* NDContainerUtils.mm in Sources */,
				BA00195A24BF0F6C000A3B1C /* UIView+NDAutolayoutUtils.mm in Sources */,
			);
			runOnlyForDeploymentPostprocessing = 0;
		};
		BA1EFEA623F30DDB0080A160 /* Sources */ = {
			isa = PBXSourcesBuildPhase;
			buildActionMask = 2147483647;
			files = (
				BA1EFEB023F30DDB0080A160 /* NDAutolayoutUtilsObjCTests.mm in Sources */,
			);
			runOnlyForDeploymentPostprocessing = 0;
		};
/* End PBXSourcesBuildPhase section */

/* Begin PBXTargetDependency section */
		BA1EFEAD23F30DDB0080A160 /* PBXTargetDependency */ = {
			isa = PBXTargetDependency;
			target = BA1EFEA023F30DDB0080A160 /* NDAutolayoutUtils */;
			targetProxy = BA1EFEAC23F30DDB0080A160 /* PBXContainerItemProxy */;
		};
/* End PBXTargetDependency section */

/* Begin XCBuildConfiguration section */
		BA1EFEB323F30DDB0080A160 /* Debug */ = {
			isa = XCBuildConfiguration;
			buildSettings = {
				ALWAYS_SEARCH_USER_PATHS = NO;
				CLANG_ANALYZER_NONNULL = YES;
				CLANG_ANALYZER_NUMBER_OBJECT_CONVERSION = YES_AGGRESSIVE;
				CLANG_CXX_LANGUAGE_STANDARD = "gnu++14";
				CLANG_CXX_LIBRARY = "libc++";
				CLANG_ENABLE_MODULES = YES;
				CLANG_ENABLE_OBJC_ARC = YES;
				CLANG_ENABLE_OBJC_WEAK = YES;
				CLANG_WARN_BLOCK_CAPTURE_AUTORELEASING = YES;
				CLANG_WARN_BOOL_CONVERSION = YES;
				CLANG_WARN_COMMA = YES;
				CLANG_WARN_CONSTANT_CONVERSION = YES;
				CLANG_WARN_DEPRECATED_OBJC_IMPLEMENTATIONS = YES;
				CLANG_WARN_DIRECT_OBJC_ISA_USAGE = YES_ERROR;
				CLANG_WARN_DOCUMENTATION_COMMENTS = YES;
				CLANG_WARN_EMPTY_BODY = YES;
				CLANG_WARN_ENUM_CONVERSION = YES;
				CLANG_WARN_INFINITE_RECURSION = YES;
				CLANG_WARN_INT_CONVERSION = YES;
				CLANG_WARN_NON_LITERAL_NULL_CONVERSION = YES;
				CLANG_WARN_OBJC_IMPLICIT_RETAIN_SELF = YES;
				CLANG_WARN_OBJC_LITERAL_CONVERSION = YES;
				CLANG_WARN_OBJC_ROOT_CLASS = YES_ERROR;
				CLANG_WARN_RANGE_LOOP_ANALYSIS = YES;
				CLANG_WARN_STRICT_PROTOTYPES = YES;
				CLANG_WARN_SUSPICIOUS_MOVE = YES;
				CLANG_WARN_UNGUARDED_AVAILABILITY = YES_AGGRESSIVE;
				CLANG_WARN_UNREACHABLE_CODE = YES;
				CLANG_WARN__DUPLICATE_METHOD_MATCH = YES;
				COPY_PHASE_STRIP = NO;
				CURRENT_PROJECT_VERSION = 1;
				DEBUG_INFORMATION_FORMAT = dwarf;
				ENABLE_STRICT_OBJC_MSGSEND = YES;
				ENABLE_TESTABILITY = YES;
				GCC_C_LANGUAGE_STANDARD = gnu11;
				GCC_DYNAMIC_NO_PIC = NO;
				GCC_NO_COMMON_BLOCKS = YES;
				GCC_OPTIMIZATION_LEVEL = 0;
				GCC_PREPROCESSOR_DEFINITIONS = (
					"DEBUG=1",
					"$(inherited)",
				);
				GCC_WARN_64_TO_32_BIT_CONVERSION = YES;
				GCC_WARN_ABOUT_RETURN_TYPE = YES_ERROR;
				GCC_WARN_UNDECLARED_SELECTOR = YES;
				GCC_WARN_UNINITIALIZED_AUTOS = YES_AGGRESSIVE;
				GCC_WARN_UNUSED_FUNCTION = YES;
				GCC_WARN_UNUSED_VARIABLE = YES;
				HEADER_SEARCH_PATHS = "$(PROJECT_DIR)";
				IPHONEOS_DEPLOYMENT_TARGET = 9.0;
				MTL_ENABLE_DEBUG_INFO = INCLUDE_SOURCE;
				MTL_FAST_MATH = YES;
				ONLY_ACTIVE_ARCH = YES;
				SDKROOT = iphoneos;
				VERSIONING_SYSTEM = "apple-generic";
				VERSION_INFO_PREFIX = "";
			};
			name = Debug;
		};
		BA1EFEB423F30DDB0080A160 /* Release */ = {
			isa = XCBuildConfiguration;
			buildSettings = {
				ALWAYS_SEARCH_USER_PATHS = NO;
				CLANG_ANALYZER_NONNULL = YES;
				CLANG_ANALYZER_NUMBER_OBJECT_CONVERSION = YES_AGGRESSIVE;
				CLANG_CXX_LANGUAGE_STANDARD = "gnu++14";
				CLANG_CXX_LIBRARY = "libc++";
				CLANG_ENABLE_MODULES = YES;
				CLANG_ENABLE_OBJC_ARC = YES;
				CLANG_ENABLE_OBJC_WEAK = YES;
				CLANG_WARN_BLOCK_CAPTURE_AUTORELEASING = YES;
				CLANG_WARN_BOOL_CONVERSION = YES;
				CLANG_WARN_COMMA = YES;
				CLANG_WARN_CONSTANT_CONVERSION = YES;
				CLANG_WARN_DEPRECATED_OBJC_IMPLEMENTATIONS = YES;
				CLANG_WARN_DIRECT_OBJC_ISA_USAGE = YES_ERROR;
				CLANG_WARN_DOCUMENTATION_COMMENTS = YES;
				CLANG_WARN_EMPTY_BODY = YES;
				CLANG_WARN_ENUM_CONVERSION = YES;
				CLANG_WARN_INFINITE_RECURSION = YES;
				CLANG_WARN_INT_CONVERSION = YES;
				CLANG_WARN_NON_LITERAL_NULL_CONVERSION = YES;
				CLANG_WARN_OBJC_IMPLICIT_RETAIN_SELF = YES;
				CLANG_WARN_OBJC_LITERAL_CONVERSION = YES;
				CLANG_WARN_OBJC_ROOT_CLASS = YES_ERROR;
				CLANG_WARN_RANGE_LOOP_ANALYSIS = YES;
				CLANG_WARN_STRICT_PROTOTYPES = YES;
				CLANG_WARN_SUSPICIOUS_MOVE = YES;
				CLANG_WARN_UNGUARDED_AVAILABILITY = YES_AGGRESSIVE;
				CLANG_WARN_UNREACHABLE_CODE = YES;
				CLANG_WARN__DUPLICATE_METHOD_MATCH = YES;
				COPY_PHASE_STRIP = NO;
				CURRENT_PROJECT_VERSION = 1;
				DEBUG_INFORMATION_FORMAT = "dwarf-with-dsym";
				ENABLE_NS_ASSERTIONS = NO;
				ENABLE_STRICT_OBJC_MSGSEND = YES;
				GCC_C_LANGUAGE_STANDARD = gnu11;
				GCC_NO_COMMON_BLOCKS = YES;
				GCC_WARN_64_TO_32_BIT_CONVERSION = YES;
				GCC_WARN_ABOUT_RETURN_TYPE = YES_ERROR;
				GCC_WARN_UNDECLARED_SELECTOR = YES;
				GCC_WARN_UNINITIALIZED_AUTOS = YES_AGGRESSIVE;
				GCC_WARN_UNUSED_FUNCTION = YES;
				GCC_WARN_UNUSED_VARIABLE = YES;
				HEADER_SEARCH_PATHS = "$(PROJECT_DIR)";
				IPHONEOS_DEPLOYMENT_TARGET = 9.0;
				MTL_ENABLE_DEBUG_INFO = NO;
				MTL_FAST_MATH = YES;
				SDKROOT = iphoneos;
				SWIFT_COMPILATION_MODE = wholemodule;
				VALIDATE_PRODUCT = YES;
				VERSIONING_SYSTEM = "apple-generic";
				VERSION_INFO_PREFIX = "";
			};
			name = Release;
		};
		BA1EFEB623F30DDB0080A160 /* Debug */ = {
			isa = XCBuildConfiguration;
			buildSettings = {
				CLANG_ENABLE_MODULES = YES;
				CODE_SIGN_STYLE = Automatic;
				DEFINES_MODULE = YES;
				DEVELOPMENT_TEAM = 6UKD7V9S9N;
				DYLIB_COMPATIBILITY_VERSION = 1;
				DYLIB_CURRENT_VERSION = 1;
				DYLIB_INSTALL_NAME_BASE = "@rpath";
				INFOPLIST_FILE = NDAutolayoutUtils/Info.plist;
				INSTALL_PATH = "$(LOCAL_LIBRARY_DIR)/Frameworks";
				LD_RUNPATH_SEARCH_PATHS = (
					"$(inherited)",
					"@executable_path/Frameworks",
					"@loader_path/Frameworks",
				);
				PRODUCT_BUNDLE_IDENTIFIER = com.neodata.NDAutolayoutUtils;
				PRODUCT_NAME = "$(TARGET_NAME:c99extidentifier)";
				SKIP_INSTALL = YES;
				SWIFT_OPTIMIZATION_LEVEL = "-Onone";
				SWIFT_VERSION = 5.0;
				TARGETED_DEVICE_FAMILY = "1,2";
			};
			name = Debug;
		};
		BA1EFEB723F30DDB0080A160 /* Release */ = {
			isa = XCBuildConfiguration;
			buildSettings = {
				CLANG_ENABLE_MODULES = YES;
				CODE_SIGN_STYLE = Automatic;
				DEFINES_MODULE = YES;
				DEVELOPMENT_TEAM = 6UKD7V9S9N;
				DYLIB_COMPATIBILITY_VERSION = 1;
				DYLIB_CURRENT_VERSION = 1;
				DYLIB_INSTALL_NAME_BASE = "@rpath";
				INFOPLIST_FILE = NDAutolayoutUtils/Info.plist;
				INSTALL_PATH = "$(LOCAL_LIBRARY_DIR)/Frameworks";
				LD_RUNPATH_SEARCH_PATHS = (
					"$(inherited)",
					"@executable_path/Frameworks",
					"@loader_path/Frameworks",
				);
				PRODUCT_BUNDLE_IDENTIFIER = com.neodata.NDAutolayoutUtils;
				PRODUCT_NAME = "$(TARGET_NAME:c99extidentifier)";
				SKIP_INSTALL = YES;
				SWIFT_VERSION = 5.0;
				TARGETED_DEVICE_FAMILY = "1,2";
			};
			name = Release;
		};
		BA1EFEB923F30DDB0080A160 /* Debug */ = {
			isa = XCBuildConfiguration;
			buildSettings = {
				CLANG_ENABLE_MODULES = YES;
				CODE_SIGN_STYLE = Automatic;
				DEVELOPMENT_TEAM = 6UKD7V9S9N;
				INFOPLIST_FILE = NDAutolayoutUtilsTests/Info.plist;
				LD_RUNPATH_SEARCH_PATHS = (
					"$(inherited)",
					"@executable_path/Frameworks",
					"@loader_path/Frameworks",
				);
				PRODUCT_BUNDLE_IDENTIFIER = com.neodata.NDAutolayoutUtilsTests;
				PRODUCT_NAME = "$(TARGET_NAME)";
				SWIFT_OBJC_BRIDGING_HEADER = "NDAutolayoutUtilsTests/NDAutolayoutUtilsTests-Bridging-Header.h";
				SWIFT_OPTIMIZATION_LEVEL = "-Onone";
				SWIFT_VERSION = 5.0;
				TARGETED_DEVICE_FAMILY = "1,2";
			};
			name = Debug;
		};
		BA1EFEBA23F30DDB0080A160 /* Release */ = {
			isa = XCBuildConfiguration;
			buildSettings = {
				CLANG_ENABLE_MODULES = YES;
				CODE_SIGN_STYLE = Automatic;
				DEVELOPMENT_TEAM = 6UKD7V9S9N;
				INFOPLIST_FILE = NDAutolayoutUtilsTests/Info.plist;
				LD_RUNPATH_SEARCH_PATHS = (
					"$(inherited)",
					"@executable_path/Frameworks",
					"@loader_path/Frameworks",
				);
				PRODUCT_BUNDLE_IDENTIFIER = com.neodata.NDAutolayoutUtilsTests;
				PRODUCT_NAME = "$(TARGET_NAME)";
				SWIFT_OBJC_BRIDGING_HEADER = "NDAutolayoutUtilsTests/NDAutolayoutUtilsTests-Bridging-Header.h";
				SWIFT_VERSION = 5.0;
				TARGETED_DEVICE_FAMILY = "1,2";
			};
			name = Release;
		};
/* End XCBuildConfiguration section */

/* Begin XCConfigurationList section */
		BA1EFE9B23F30DDB0080A160 /* Build configuration list for PBXProject "NDAutolayoutUtils" */ = {
			isa = XCConfigurationList;
			buildConfigurations = (
				BA1EFEB323F30DDB0080A160 /* Debug */,
				BA1EFEB423F30DDB0080A160 /* Release */,
			);
			defaultConfigurationIsVisible = 0;
			defaultConfigurationName = Release;
		};
		BA1EFEB523F30DDB0080A160 /* Build configuration list for PBXNativeTarget "NDAutolayoutUtils" */ = {
			isa = XCConfigurationList;
			buildConfigurations = (
				BA1EFEB623F30DDB0080A160 /* Debug */,
				BA1EFEB723F30DDB0080A160 /* Release */,
			);
			defaultConfigurationIsVisible = 0;
			defaultConfigurationName = Release;
		};
		BA1EFEB823F30DDB0080A160 /* Build configuration list for PBXNativeTarget "NDAutolayoutUtilsTests" */ = {
			isa = XCConfigurationList;
			buildConfigurations = (
				BA1EFEB923F30DDB0080A160 /* Debug */,
				BA1EFEBA23F30DDB0080A160 /* Release */,
			);
			defaultConfigurationIsVisible = 0;
			defaultConfigurationName = Release;
		};
/* End XCConfigurationList section */
	};
	rootObject = BA1EFE9823F30DDB0080A160 /* Project object */;
}
